<?xml version="1.0" encoding="utf-8"?>
<Project ToolsVersion="4.0" xmlns="http://schemas.microsoft.com/developer/msbuild/2003">
  <ItemGroup>
    <Filter Include="Source Files">
      <UniqueIdentifier>{4FC737F1-C7A5-4376-A066-2A32D752A2FF}</UniqueIdentifier>
      <Extensions>cpp;c;cc;cxx;def;odl;idl;hpj;bat;asm;asmx</Extensions>
    </Filter>
    <Filter Include="Header Files">
      <UniqueIdentifier>{93995380-89BD-4b04-88EB-625FBE52EBFB}</UniqueIdentifier>
      <Extensions>h;hh;hpp;hxx;hm;inl;inc;xsd</Extensions>
    </Filter>
    <Filter Include="Resource Files">
      <UniqueIdentifier>{67DA6AB6-F800-4c08-8B7A-83BB121AAD01}</UniqueIdentifier>
      <Extensions>rc;ico;cur;bmp;dlg;rc2;rct;bin;rgs;gif;jpg;jpeg;jpe;resx;tiff;tif;png;wav;mfcribbon-ms</Extensions>
    </Filter>
  </ItemGroup>
  <ItemGroup>
    <None Include="Workshop-Environment-Monitor.ino" />
  </ItemGroup>
  <ItemGroup>
    <ClInclude Include="__vm\.Workshop-Environment-Monitor.vsarduino.h">
      <Filter>Header Files</Filter>
    </ClInclude>
    <ClInclude Include="Backlight.h">
      <Filter>Header Files</Filter>
    </ClInclude>
    <ClInclude Include="BME280_TEMP_HUMIDITY.h">
      <Filter>Header Files</Filter>
    </ClInclude>
    <ClInclude Include="Buzzer.h">
      <Filter>Header Files</Filter>
    </ClInclude>
    <ClInclude Include="Global.h">
      <Filter>Header Files</Filter>
    </ClInclude>
    <ClInclude Include="Graphics.h">
      <Filter>Header Files</Filter>
    </ClInclude>
    <ClInclude Include="HA_OTA.h">
      <Filter>Header Files</Filter>
    </ClInclude>
    <ClInclude Include="LD2410B_Presence.h">
      <Filter>Header Files</Filter>
    </ClInclude>
    <ClInclude Include="NetworkCanary.h">
      <Filter>Header Files</Filter>
    </ClInclude>
    <ClInclude Include="PMS5003_Particles.h">
      <Filter>Header Files</Filter>
    </ClInclude>
    <ClInclude Include="SCD40_CO2.h">
      <Filter>Header Files</Filter>
    </ClInclude>
    <ClInclude Include="secrets.h">
      <Filter>Header Files</Filter>
    </ClInclude>
    <ClInclude Include="SFA40_HCHO_Sensor.h">
      <Filter>Header Files</Filter>
    </ClInclude>
    <ClInclude Include="SGP30_VOC.h">
      <Filter>Header Files</Filter>
    </ClInclude>
    <ClInclude Include="SHT40_TEMP_HUMIDITY.h">
      <Filter>Header Files</Filter>
    </ClInclude>
    <ClInclude Include="TimeSync.h">
      <Filter>Header Files</Filter>
    </ClInclude>
  </ItemGroup>
  <ItemGroup>
    <ClCompile Include="Backlight.cpp">
      <Filter>Source Files</Filter>
    </ClCompile>
    <ClCompile Include="BME280_TEMP_HUMIDITY.cpp">
      <Filter>Source Files</Filter>
    </ClCompile>
    <ClCompile Include="Buzzer.cpp">
      <Filter>Source Files</Filter>
    </ClCompile>
    <ClCompile Include="Global.cpp">
      <Filter>Source Files</Filter>
    </ClCompile>
    <ClCompile Include="Graphics.cpp">
      <Filter>Source Files</Filter>
    </ClCompile>
    <ClCompile Include="HA_OTA.cpp">
      <Filter>Source Files</Filter>
    </ClCompile>
    <ClCompile Include="LD2410B_Presence.cpp">
      <Filter>Source Files</Filter>
    </ClCompile>
    <ClCompile Include="NetworkCanary.cpp">
      <Filter>Source Files</Filter>
    </ClCompile>
    <ClCompile Include="PMS5003_Particles.cpp">
      <Filter>Source Files</Filter>
    </ClCompile>
    <ClCompile Include="SCD40_CO2.cpp">
      <Filter>Source Files</Filter>
    </ClCompile>
    <ClCompile Include="SFA40_HCHO_Sensor.cpp">
      <Filter>Source Files</Filter>
    </ClCompile>
    <ClCompile Include="SGP30_VOC.cpp">
      <Filter>Source Files</Filter>
    </ClCompile>
    <ClCompile Include="SHT40_TEMP_HUMIDITY.cpp">
      <Filter>Source Files</Filter>
    </ClCompile>
    <ClCompile Include="TimeSync.cpp">
      <Filter>Source Files</Filter>
    </ClCompile>
  </ItemGroup>
</Project>